
Microsoft Visual Studio Solution File, Format Version 12.00
# Visual Studio 15
VisualStudioVersion = 15.0.28307.1433
MinimumVisualStudioVersion = 10.0.40219.1
Project("{FAE04EC0-301F-11D3-BF4B-00C04F79EFBC}") = "MyLogin", "MyLogin\MyLogin.csproj", "{A08FE324-B16F-4405-8923-18A0B1EDA3BD}"
EndProject
Project("{54435603-DBB4-11D2-8724-00A0C9A8B90C}") = "Setup1", "Setup1\Setup1.vdproj", "{AE9E6329-87FA-4362-98F0-3F5323257CBB}"
EndProject
Global
	GlobalSection(SolutionConfigurationPlatforms) = preSolution
		Debug|Any CPU = Debug|Any CPU
		Release|Any CPU = Release|Any CPU
	EndGlobalSection
	GlobalSection(ProjectConfigurationPlatforms) = postSolution
		{A08FE324-B16F-4405-8923-18A0B1EDA3BD}.Debug|Any CPU.ActiveCfg = Debug|Any CPU
		{A08FE324-B16F-4405-8923-18A0B1EDA3BD}.Debug|Any CPU.Build.0 = Debug|Any CPU
		{A08FE324-B16F-4405-8923-18A0B1EDA3BD}.Release|Any CPU.ActiveCfg = Release|Any CPU
		{A08FE324-B16F-4405-8923-18A0B1EDA3BD}.Release|Any CPU.Build.0 = Release|Any CPU
		{AE9E6329-87FA-4362-98F0-3F5323257CBB}.Debug|Any CPU.ActiveCfg = Debug
		{AE9E6329-87FA-4362-98F0-3F5323257CBB}.Release|Any CPU.ActiveCfg = Release
	EndGlobalSection
	GlobalSection(SolutionProperties) = preSolution
		HideSolutionNode = FALSE
	EndGlobalSection
	GlobalSection(ExtensibilityGlobals) = postSolution
		SolutionGuid = {1D3CA65B-78BC-435F-9B43-3EF0642FE4CA}
	EndGlobalSection
EndGlobal
